// !$*UTF8*$!
{
	archiveVersion = 1;
	classes = {
	};
	objectVersion = 51;
	objects = {

/* Begin PBXBuildFile section */
		C80BDEFBB5A400765FD3492D /* Pods_Trashure.framework in Frameworks */ = {isa = PBXBuildFile; fileRef = A9DCBF0F5D34A94824696B85 /* Pods_Trashure.framework */; };
		EC4AE7BA254BD883004554B8 /* GoogleService-Info.plist in Resources */ = {isa = PBXBuildFile; fileRef = EC4AE7B9254BD883004554B8 /* GoogleService-Info.plist */; };
		EC4C5F28254BEF0700272CDC /* AkunViewController.swift in Sources */ = {isa = PBXBuildFile; fileRef = EC4C5F27254BEF0700272CDC /* AkunViewController.swift */; };
		ECC18CAE253ACB000034D711 /* AppDelegate.swift in Sources */ = {isa = PBXBuildFile; fileRef = ECC18CAD253ACB000034D711 /* AppDelegate.swift */; };
		ECC18CB0253ACB000034D711 /* SceneDelegate.swift in Sources */ = {isa = PBXBuildFile; fileRef = ECC18CAF253ACB000034D711 /* SceneDelegate.swift */; };
		ECC18CB2253ACB000034D711 /* ViewController.swift in Sources */ = {isa = PBXBuildFile; fileRef = ECC18CB1253ACB000034D711 /* ViewController.swift */; };
		ECC18CB5253ACB000034D711 /* Main.storyboard in Resources */ = {isa = PBXBuildFile; fileRef = ECC18CB3253ACB000034D711 /* Main.storyboard */; };
		ECC18CB8253ACB000034D711 /* Trashure.xcdatamodeld in Sources */ = {isa = PBXBuildFile; fileRef = ECC18CB6253ACB000034D711 /* Trashure.xcdatamodeld */; };
		ECC18CBA253ACB020034D711 /* Assets.xcassets in Resources */ = {isa = PBXBuildFile; fileRef = ECC18CB9253ACB020034D711 /* Assets.xcassets */; };
		ECC18CBD253ACB020034D711 /* LaunchScreen.storyboard in Resources */ = {isa = PBXBuildFile; fileRef = ECC18CBB253ACB020034D711 /* LaunchScreen.storyboard */; };
		ECC18CD0253B6AF70034D711 /* GOOGLESANS-REGULAR.TTF in Resources */ = {isa = PBXBuildFile; fileRef = ECC18CCF253B6AF70034D711 /* GOOGLESANS-REGULAR.TTF */; };
		ECD09C3D2545512300C7BD05 /* HargaSampahCell.swift in Sources */ = {isa = PBXBuildFile; fileRef = ECD09C3B2545512300C7BD05 /* HargaSampahCell.swift */; };
		ECD09C3E2545512300C7BD05 /* HargaSampahCell.xib in Resources */ = {isa = PBXBuildFile; fileRef = ECD09C3C2545512300C7BD05 /* HargaSampahCell.xib */; };
		ECD09C462545548000C7BD05 /* HargaViewController.swift in Sources */ = {isa = PBXBuildFile; fileRef = ECD09C452545548000C7BD05 /* HargaViewController.swift */; };
		ECD09C492545556000C7BD05 /* JenisSampahModel.swift in Sources */ = {isa = PBXBuildFile; fileRef = ECD09C482545556000C7BD05 /* JenisSampahModel.swift */; };
		ECD09C4C254555BA00C7BD05 /* JenisSampahData.swift in Sources */ = {isa = PBXBuildFile; fileRef = ECD09C4B254555BA00C7BD05 /* JenisSampahData.swift */; };
		ECD09C522545CE7100C7BD05 /* SetoranCell.swift in Sources */ = {isa = PBXBuildFile; fileRef = ECD09C502545CE7100C7BD05 /* SetoranCell.swift */; };
		ECD09C532545CE7100C7BD05 /* SetoranCell.xib in Resources */ = {isa = PBXBuildFile; fileRef = ECD09C512545CE7100C7BD05 /* SetoranCell.xib */; };
		ECD09C582545E8D800C7BD05 /* TipsCollectionViewCell.swift in Sources */ = {isa = PBXBuildFile; fileRef = ECD09C562545E8D700C7BD05 /* TipsCollectionViewCell.swift */; };
		ECD09C592545E8D800C7BD05 /* TipsCollectionViewCell.xib in Resources */ = {isa = PBXBuildFile; fileRef = ECD09C572545E8D700C7BD05 /* TipsCollectionViewCell.xib */; };
		ECD09C5D254667BD00C7BD05 /* TipsModel.swift in Sources */ = {isa = PBXBuildFile; fileRef = ECD09C5C254667BC00C7BD05 /* TipsModel.swift */; };
		ECD09C60254667C600C7BD05 /* TipsData.swift in Sources */ = {isa = PBXBuildFile; fileRef = ECD09C5F254667C600C7BD05 /* TipsData.swift */; };
		ECD09C632546D87800C7BD05 /* SetoranViewController.swift in Sources */ = {isa = PBXBuildFile; fileRef = ECD09C622546D87800C7BD05 /* SetoranViewController.swift */; };
		ECD09C672546E3F400C7BD05 /* SetoranModel.swift in Sources */ = {isa = PBXBuildFile; fileRef = ECD09C662546E3F400C7BD05 /* SetoranModel.swift */; };
		ECD09C6A2546E40500C7BD05 /* SetoranData.swift in Sources */ = {isa = PBXBuildFile; fileRef = ECD09C692546E40500C7BD05 /* SetoranData.swift */; };
		ECD09C722547C03E00C7BD05 /* ChartView.swift in Sources */ = {isa = PBXBuildFile; fileRef = ECD09C712547C03E00C7BD05 /* ChartView.swift */; };
		ECD09C752547D28E00C7BD05 /* ChartViewBulan.swift in Sources */ = {isa = PBXBuildFile; fileRef = ECD09C742547D28E00C7BD05 /* ChartViewBulan.swift */; };
		ECD09C782547D29D00C7BD05 /* ChartViewTahun.swift in Sources */ = {isa = PBXBuildFile; fileRef = ECD09C772547D29D00C7BD05 /* ChartViewTahun.swift */; };
		ECEFE33A253B6D5800FA1139 /* sf-ui-display-light-58646b33e0551.otf in Resources */ = {isa = PBXBuildFile; fileRef = ECEFE332253B6D5600FA1139 /* sf-ui-display-light-58646b33e0551.otf */; };
		ECEFE33B253B6D5800FA1139 /* sf-ui-display-heavy-586470160b9e5.otf in Resources */ = {isa = PBXBuildFile; fileRef = ECEFE333253B6D5700FA1139 /* sf-ui-display-heavy-586470160b9e5.otf */; };
		ECEFE33D253B6D5800FA1139 /* sf-ui-display-medium-58646be638f96.otf in Resources */ = {isa = PBXBuildFile; fileRef = ECEFE335253B6D5700FA1139 /* sf-ui-display-medium-58646be638f96.otf */; };
		ECEFE33E253B6D5800FA1139 /* sf-ui-display-bold-58646a511e3d9.otf in Resources */ = {isa = PBXBuildFile; fileRef = ECEFE336253B6D5700FA1139 /* sf-ui-display-bold-58646a511e3d9.otf */; };
		ECEFE33F253B6D5800FA1139 /* sf-ui-display-semibold-58646eddcae92.otf in Resources */ = {isa = PBXBuildFile; fileRef = ECEFE337253B6D5800FA1139 /* sf-ui-display-semibold-58646eddcae92.otf */; };
		ECEFE34B253BFF5900FA1139 /* Checkbox.swift in Sources */ = {isa = PBXBuildFile; fileRef = ECEFE34A253BFF5900FA1139 /* Checkbox.swift */; };
		ECEFE354253C611A00FA1139 /* DesignableTextField.swift in Sources */ = {isa = PBXBuildFile; fileRef = ECEFE353253C611A00FA1139 /* DesignableTextField.swift */; };
		ECEFE358253E92E300FA1139 /* RegisterViewController.swift in Sources */ = {isa = PBXBuildFile; fileRef = ECEFE357253E92E300FA1139 /* RegisterViewController.swift */; };
		ECEFE35D253FE1B400FA1139 /* DetailTipsViewController.swift in Sources */ = {isa = PBXBuildFile; fileRef = ECEFE35C253FE1B400FA1139 /* DetailTipsViewController.swift */; };
		ECEFE360253FE22300FA1139 /* HomeViewController.swift in Sources */ = {isa = PBXBuildFile; fileRef = ECEFE35F253FE22300FA1139 /* HomeViewController.swift */; };
/* End PBXBuildFile section */

/* Begin PBXFileReference section */
		0323348647262202A3CE94BA /* Pods-Trashure.debug.xcconfig */ = {isa = PBXFileReference; includeInIndex = 1; lastKnownFileType = text.xcconfig; name = "Pods-Trashure.debug.xcconfig"; path = "Target Support Files/Pods-Trashure/Pods-Trashure.debug.xcconfig"; sourceTree = "<group>"; };
		643BC89C5F3A255150F5233E /* Pods-Trashure.release.xcconfig */ = {isa = PBXFileReference; includeInIndex = 1; lastKnownFileType = text.xcconfig; name = "Pods-Trashure.release.xcconfig"; path = "Target Support Files/Pods-Trashure/Pods-Trashure.release.xcconfig"; sourceTree = "<group>"; };
		A9DCBF0F5D34A94824696B85 /* Pods_Trashure.framework */ = {isa = PBXFileReference; explicitFileType = wrapper.framework; includeInIndex = 0; path = Pods_Trashure.framework; sourceTree = BUILT_PRODUCTS_DIR; };
		EC4AE7B9254BD883004554B8 /* GoogleService-Info.plist */ = {isa = PBXFileReference; fileEncoding = 4; lastKnownFileType = text.plist.xml; path = "GoogleService-Info.plist"; sourceTree = "<group>"; };
		EC4C5F27254BEF0700272CDC /* AkunViewController.swift */ = {isa = PBXFileReference; lastKnownFileType = sourcecode.swift; path = AkunViewController.swift; sourceTree = "<group>"; };
		ECC18CAA253ACB000034D711 /* Trashure.app */ = {isa = PBXFileReference; explicitFileType = wrapper.application; includeInIndex = 0; path = Trashure.app; sourceTree = BUILT_PRODUCTS_DIR; };
		ECC18CAD253ACB000034D711 /* AppDelegate.swift */ = {isa = PBXFileReference; lastKnownFileType = sourcecode.swift; path = AppDelegate.swift; sourceTree = "<group>"; };
		ECC18CAF253ACB000034D711 /* SceneDelegate.swift */ = {isa = PBXFileReference; lastKnownFileType = sourcecode.swift; path = SceneDelegate.swift; sourceTree = "<group>"; };
		ECC18CB1253ACB000034D711 /* ViewController.swift */ = {isa = PBXFileReference; lastKnownFileType = sourcecode.swift; path = ViewController.swift; sourceTree = "<group>"; };
		ECC18CB4253ACB000034D711 /* Base */ = {isa = PBXFileReference; lastKnownFileType = file.storyboard; name = Base; path = Base.lproj/Main.storyboard; sourceTree = "<group>"; };
		ECC18CB7253ACB000034D711 /* Trashure.xcdatamodel */ = {isa = PBXFileReference; lastKnownFileType = wrapper.xcdatamodel; path = Trashure.xcdatamodel; sourceTree = "<group>"; };
		ECC18CB9253ACB020034D711 /* Assets.xcassets */ = {isa = PBXFileReference; lastKnownFileType = folder.assetcatalog; path = Assets.xcassets; sourceTree = "<group>"; };
		ECC18CBC253ACB020034D711 /* Base */ = {isa = PBXFileReference; lastKnownFileType = file.storyboard; name = Base; path = Base.lproj/LaunchScreen.storyboard; sourceTree = "<group>"; };
		ECC18CBE253ACB020034D711 /* Info.plist */ = {isa = PBXFileReference; lastKnownFileType = text.plist.xml; path = Info.plist; sourceTree = "<group>"; };
		ECC18CCF253B6AF70034D711 /* GOOGLESANS-REGULAR.TTF */ = {isa = PBXFileReference; lastKnownFileType = file; path = "GOOGLESANS-REGULAR.TTF"; sourceTree = "<group>"; };
		ECD09C3B2545512300C7BD05 /* HargaSampahCell.swift */ = {isa = PBXFileReference; lastKnownFileType = sourcecode.swift; path = HargaSampahCell.swift; sourceTree = "<group>"; };
		ECD09C3C2545512300C7BD05 /* HargaSampahCell.xib */ = {isa = PBXFileReference; lastKnownFileType = file.xib; path = HargaSampahCell.xib; sourceTree = "<group>"; };
		ECD09C452545548000C7BD05 /* HargaViewController.swift */ = {isa = PBXFileReference; lastKnownFileType = sourcecode.swift; path = HargaViewController.swift; sourceTree = "<group>"; };
		ECD09C482545556000C7BD05 /* JenisSampahModel.swift */ = {isa = PBXFileReference; lastKnownFileType = sourcecode.swift; path = JenisSampahModel.swift; sourceTree = "<group>"; };
		ECD09C4B254555BA00C7BD05 /* JenisSampahData.swift */ = {isa = PBXFileReference; lastKnownFileType = sourcecode.swift; path = JenisSampahData.swift; sourceTree = "<group>"; };
		ECD09C502545CE7100C7BD05 /* SetoranCell.swift */ = {isa = PBXFileReference; lastKnownFileType = sourcecode.swift; path = SetoranCell.swift; sourceTree = "<group>"; };
		ECD09C512545CE7100C7BD05 /* SetoranCell.xib */ = {isa = PBXFileReference; lastKnownFileType = file.xib; path = SetoranCell.xib; sourceTree = "<group>"; };
		ECD09C562545E8D700C7BD05 /* TipsCollectionViewCell.swift */ = {isa = PBXFileReference; lastKnownFileType = sourcecode.swift; path = TipsCollectionViewCell.swift; sourceTree = "<group>"; };
		ECD09C572545E8D700C7BD05 /* TipsCollectionViewCell.xib */ = {isa = PBXFileReference; lastKnownFileType = file.xib; path = TipsCollectionViewCell.xib; sourceTree = "<group>"; };
		ECD09C5C254667BC00C7BD05 /* TipsModel.swift */ = {isa = PBXFileReference; lastKnownFileType = sourcecode.swift; path = TipsModel.swift; sourceTree = "<group>"; };
		ECD09C5F254667C600C7BD05 /* TipsData.swift */ = {isa = PBXFileReference; lastKnownFileType = sourcecode.swift; path = TipsData.swift; sourceTree = "<group>"; };
		ECD09C622546D87800C7BD05 /* SetoranViewController.swift */ = {isa = PBXFileReference; lastKnownFileType = sourcecode.swift; path = SetoranViewController.swift; sourceTree = "<group>"; };
		ECD09C662546E3F400C7BD05 /* SetoranModel.swift */ = {isa = PBXFileReference; lastKnownFileType = sourcecode.swift; path = SetoranModel.swift; sourceTree = "<group>"; };
		ECD09C692546E40500C7BD05 /* SetoranData.swift */ = {isa = PBXFileReference; lastKnownFileType = sourcecode.swift; path = SetoranData.swift; sourceTree = "<group>"; };
		ECD09C712547C03E00C7BD05 /* ChartView.swift */ = {isa = PBXFileReference; lastKnownFileType = sourcecode.swift; path = ChartView.swift; sourceTree = "<group>"; };
		ECD09C742547D28E00C7BD05 /* ChartViewBulan.swift */ = {isa = PBXFileReference; lastKnownFileType = sourcecode.swift; path = ChartViewBulan.swift; sourceTree = "<group>"; };
		ECD09C772547D29D00C7BD05 /* ChartViewTahun.swift */ = {isa = PBXFileReference; lastKnownFileType = sourcecode.swift; path = ChartViewTahun.swift; sourceTree = "<group>"; };
		ECEFE332253B6D5600FA1139 /* sf-ui-display-light-58646b33e0551.otf */ = {isa = PBXFileReference; lastKnownFileType = file; path = "sf-ui-display-light-58646b33e0551.otf"; sourceTree = "<group>"; };
		ECEFE333253B6D5700FA1139 /* sf-ui-display-heavy-586470160b9e5.otf */ = {isa = PBXFileReference; lastKnownFileType = file; path = "sf-ui-display-heavy-586470160b9e5.otf"; sourceTree = "<group>"; };
		ECEFE335253B6D5700FA1139 /* sf-ui-display-medium-58646be638f96.otf */ = {isa = PBXFileReference; lastKnownFileType = file; path = "sf-ui-display-medium-58646be638f96.otf"; sourceTree = "<group>"; };
		ECEFE336253B6D5700FA1139 /* sf-ui-display-bold-58646a511e3d9.otf */ = {isa = PBXFileReference; lastKnownFileType = file; path = "sf-ui-display-bold-58646a511e3d9.otf"; sourceTree = "<group>"; };
		ECEFE337253B6D5800FA1139 /* sf-ui-display-semibold-58646eddcae92.otf */ = {isa = PBXFileReference; lastKnownFileType = file; path = "sf-ui-display-semibold-58646eddcae92.otf"; sourceTree = "<group>"; };
		ECEFE34A253BFF5900FA1139 /* Checkbox.swift */ = {isa = PBXFileReference; lastKnownFileType = sourcecode.swift; path = Checkbox.swift; sourceTree = "<group>"; };
		ECEFE353253C611A00FA1139 /* DesignableTextField.swift */ = {isa = PBXFileReference; lastKnownFileType = sourcecode.swift; path = DesignableTextField.swift; sourceTree = "<group>"; };
		ECEFE357253E92E300FA1139 /* RegisterViewController.swift */ = {isa = PBXFileReference; lastKnownFileType = sourcecode.swift; path = RegisterViewController.swift; sourceTree = "<group>"; };
		ECEFE35C253FE1B400FA1139 /* DetailTipsViewController.swift */ = {isa = PBXFileReference; lastKnownFileType = sourcecode.swift; path = DetailTipsViewController.swift; sourceTree = "<group>"; };
		ECEFE35F253FE22300FA1139 /* HomeViewController.swift */ = {isa = PBXFileReference; lastKnownFileType = sourcecode.swift; path = HomeViewController.swift; sourceTree = "<group>"; };
/* End PBXFileReference section */

/* Begin PBXFrameworksBuildPhase section */
		ECC18CA7253ACB000034D711 /* Frameworks */ = {
			isa = PBXFrameworksBuildPhase;
			buildActionMask = 2147483647;
			files = (
				C80BDEFBB5A400765FD3492D /* Pods_Trashure.framework in Frameworks */,
			);
			runOnlyForDeploymentPostprocessing = 0;
		};
/* End PBXFrameworksBuildPhase section */

/* Begin PBXGroup section */
		48380DF119E483EE44779020 /* Pods */ = {
			isa = PBXGroup;
			children = (
				0323348647262202A3CE94BA /* Pods-Trashure.debug.xcconfig */,
				643BC89C5F3A255150F5233E /* Pods-Trashure.release.xcconfig */,
			);
			path = Pods;
			sourceTree = "<group>";
		};
		C5E3A8CE1591240F025BFED1 /* Frameworks */ = {
			isa = PBXGroup;
			children = (
				A9DCBF0F5D34A94824696B85 /* Pods_Trashure.framework */,
			);
			name = Frameworks;
			sourceTree = "<group>";
		};
		ECC18CA1253ACB000034D711 = {
			isa = PBXGroup;
			children = (
				ECC18CAC253ACB000034D711 /* Trashure */,
				ECC18CAB253ACB000034D711 /* Products */,
				48380DF119E483EE44779020 /* Pods */,
				C5E3A8CE1591240F025BFED1 /* Frameworks */,
			);
			sourceTree = "<group>";
		};
		ECC18CAB253ACB000034D711 /* Products */ = {
			isa = PBXGroup;
			children = (
				ECC18CAA253ACB000034D711 /* Trashure.app */,
			);
			name = Products;
			sourceTree = "<group>";
		};
		ECC18CAC253ACB000034D711 /* Trashure */ = {
			isa = PBXGroup;
			children = (
				ECC18CCE253B6AEA0034D711 /* Font */,
				ECC18CC8253AD90E0034D711 /* Base */,
				ECC18CCC253AD9460034D711 /* Model */,
				ECC18CCB253AD93B0034D711 /* Controller */,
				ECC18CCA253AD9210034D711 /* View */,
				ECC18CB9253ACB020034D711 /* Assets.xcassets */,
				ECC18CBE253ACB020034D711 /* Info.plist */,
				EC4AE7B9254BD883004554B8 /* GoogleService-Info.plist */,
			);
			path = Trashure;
			sourceTree = "<group>";
		};
		ECC18CC8253AD90E0034D711 /* Base */ = {
			isa = PBXGroup;
			children = (
				ECC18CAD253ACB000034D711 /* AppDelegate.swift */,
				ECC18CAF253ACB000034D711 /* SceneDelegate.swift */,
				ECEFE34A253BFF5900FA1139 /* Checkbox.swift */,
				ECEFE353253C611A00FA1139 /* DesignableTextField.swift */,
			);
			path = Base;
			sourceTree = "<group>";
		};
		ECC18CCA253AD9210034D711 /* View */ = {
			isa = PBXGroup;
			children = (
				ECC18CB3253ACB000034D711 /* Main.storyboard */,
				ECC18CBB253ACB020034D711 /* LaunchScreen.storyboard */,
				ECD09C412545512D00C7BD05 /* Cell */,
			);
			path = View;
			sourceTree = "<group>";
		};
		ECC18CCB253AD93B0034D711 /* Controller */ = {
			isa = PBXGroup;
			children = (
				ECD09C702547C02700C7BD05 /* Chart */,
				ECC18CB1253ACB000034D711 /* ViewController.swift */,
				ECEFE357253E92E300FA1139 /* RegisterViewController.swift */,
				ECEFE35C253FE1B400FA1139 /* DetailTipsViewController.swift */,
				ECEFE35F253FE22300FA1139 /* HomeViewController.swift */,
				ECD09C452545548000C7BD05 /* HargaViewController.swift */,
				ECD09C622546D87800C7BD05 /* SetoranViewController.swift */,
				EC4C5F27254BEF0700272CDC /* AkunViewController.swift */,
				ECD09C432545535E00C7BD05 /* CellController */,
			);
			path = Controller;
			sourceTree = "<group>";
		};
		ECC18CCC253AD9460034D711 /* Model */ = {
			isa = PBXGroup;
			children = (
				ECC18CB6253ACB000034D711 /* Trashure.xcdatamodeld */,
				ECD09C482545556000C7BD05 /* JenisSampahModel.swift */,
				ECD09C4B254555BA00C7BD05 /* JenisSampahData.swift */,
				ECD09C5C254667BC00C7BD05 /* TipsModel.swift */,
				ECD09C5F254667C600C7BD05 /* TipsData.swift */,
				ECD09C662546E3F400C7BD05 /* SetoranModel.swift */,
				ECD09C692546E40500C7BD05 /* SetoranData.swift */,
			);
			path = Model;
			sourceTree = "<group>";
		};
		ECC18CCE253B6AEA0034D711 /* Font */ = {
			isa = PBXGroup;
			children = (
				ECC18CCF253B6AF70034D711 /* GOOGLESANS-REGULAR.TTF */,
				ECEFE336253B6D5700FA1139 /* sf-ui-display-bold-58646a511e3d9.otf */,
				ECEFE333253B6D5700FA1139 /* sf-ui-display-heavy-586470160b9e5.otf */,
				ECEFE332253B6D5600FA1139 /* sf-ui-display-light-58646b33e0551.otf */,
				ECEFE335253B6D5700FA1139 /* sf-ui-display-medium-58646be638f96.otf */,
				ECEFE337253B6D5800FA1139 /* sf-ui-display-semibold-58646eddcae92.otf */,
			);
			path = Font;
			sourceTree = "<group>";
		};
		ECD09C412545512D00C7BD05 /* Cell */ = {
			isa = PBXGroup;
			children = (
				ECD09C3C2545512300C7BD05 /* HargaSampahCell.xib */,
				ECD09C512545CE7100C7BD05 /* SetoranCell.xib */,
				ECD09C572545E8D700C7BD05 /* TipsCollectionViewCell.xib */,
			);
			path = Cell;
			sourceTree = "<group>";
		};
		ECD09C432545535E00C7BD05 /* CellController */ = {
			isa = PBXGroup;
			children = (
				ECD09C3B2545512300C7BD05 /* HargaSampahCell.swift */,
				ECD09C502545CE7100C7BD05 /* SetoranCell.swift */,
				ECD09C562545E8D700C7BD05 /* TipsCollectionViewCell.swift */,
			);
			path = CellController;
			sourceTree = "<group>";
		};
		ECD09C702547C02700C7BD05 /* Chart */ = {
			isa = PBXGroup;
			children = (
				ECD09C712547C03E00C7BD05 /* ChartView.swift */,
				ECD09C742547D28E00C7BD05 /* ChartViewBulan.swift */,
				ECD09C772547D29D00C7BD05 /* ChartViewTahun.swift */,
			);
			path = Chart;
			sourceTree = "<group>";
		};
/* End PBXGroup section */

/* Begin PBXNativeTarget section */
		ECC18CA9253ACB000034D711 /* Trashure */ = {
			isa = PBXNativeTarget;
			buildConfigurationList = ECC18CC1253ACB020034D711 /* Build configuration list for PBXNativeTarget "Trashure" */;
			buildPhases = (
				C6D830F4A467D4B77911F644 /* [CP] Check Pods Manifest.lock */,
				ECC18CA6253ACB000034D711 /* Sources */,
				ECC18CA7253ACB000034D711 /* Frameworks */,
				ECC18CA8253ACB000034D711 /* Resources */,
				8E0A8163108B36B1510A0A73 /* [CP] Embed Pods Frameworks */,
				E655B139618BA3099BF2639F /* [CP] Copy Pods Resources */,
			);
			buildRules = (
			);
			dependencies = (
			);
			name = Trashure;
			productName = Trashure;
			productReference = ECC18CAA253ACB000034D711 /* Trashure.app */;
			productType = "com.apple.product-type.application";
		};
/* End PBXNativeTarget section */

/* Begin PBXProject section */
		ECC18CA2253ACB000034D711 /* Project object */ = {
			isa = PBXProject;
			attributes = {
				LastSwiftUpdateCheck = 1200;
				LastUpgradeCheck = 1200;
				TargetAttributes = {
					ECC18CA9253ACB000034D711 = {
						CreatedOnToolsVersion = 12.0.1;
					};
				};
			};
			buildConfigurationList = ECC18CA5253ACB000034D711 /* Build configuration list for PBXProject "Trashure" */;
			compatibilityVersion = "Xcode 9.3";
			developmentRegion = en;
			hasScannedForEncodings = 0;
			knownRegions = (
				en,
				Base,
			);
			mainGroup = ECC18CA1253ACB000034D711;
			productRefGroup = ECC18CAB253ACB000034D711 /* Products */;
			projectDirPath = "";
			projectRoot = "";
			targets = (
				ECC18CA9253ACB000034D711 /* Trashure */,
			);
		};
/* End PBXProject section */

/* Begin PBXResourcesBuildPhase section */
		ECC18CA8253ACB000034D711 /* Resources */ = {
			isa = PBXResourcesBuildPhase;
			buildActionMask = 2147483647;
			files = (
				EC4AE7BA254BD883004554B8 /* GoogleService-Info.plist in Resources */,
				ECEFE33A253B6D5800FA1139 /* sf-ui-display-light-58646b33e0551.otf in Resources */,
				ECEFE33D253B6D5800FA1139 /* sf-ui-display-medium-58646be638f96.otf in Resources */,
				ECC18CBD253ACB020034D711 /* LaunchScreen.storyboard in Resources */,
				ECD09C3E2545512300C7BD05 /* HargaSampahCell.xib in Resources */,
				ECEFE33B253B6D5800FA1139 /* sf-ui-display-heavy-586470160b9e5.otf in Resources */,
				ECC18CBA253ACB020034D711 /* Assets.xcassets in Resources */,
				ECEFE33E253B6D5800FA1139 /* sf-ui-display-bold-58646a511e3d9.otf in Resources */,
				ECC18CB5253ACB000034D711 /* Main.storyboard in Resources */,
				ECEFE33F253B6D5800FA1139 /* sf-ui-display-semibold-58646eddcae92.otf in Resources */,
				ECD09C532545CE7100C7BD05 /* SetoranCell.xib in Resources */,
				ECD09C592545E8D800C7BD05 /* TipsCollectionViewCell.xib in Resources */,
				ECC18CD0253B6AF70034D711 /* GOOGLESANS-REGULAR.TTF in Resources */,
			);
			runOnlyForDeploymentPostprocessing = 0;
		};
/* End PBXResourcesBuildPhase section */

/* Begin PBXShellScriptBuildPhase section */
		8E0A8163108B36B1510A0A73 /* [CP] Embed Pods Frameworks */ = {
			isa = PBXShellScriptBuildPhase;
			buildActionMask = 2147483647;
			files = (
			);
			inputFileListPaths = (
				"${PODS_ROOT}/Target Support Files/Pods-Trashure/Pods-Trashure-frameworks-${CONFIGURATION}-input-files.xcfilelist",
			);
			name = "[CP] Embed Pods Frameworks";
			outputFileListPaths = (
				"${PODS_ROOT}/Target Support Files/Pods-Trashure/Pods-Trashure-frameworks-${CONFIGURATION}-output-files.xcfilelist",
			);
			runOnlyForDeploymentPostprocessing = 0;
			shellPath = /bin/sh;
			shellScript = "\"${PODS_ROOT}/Target Support Files/Pods-Trashure/Pods-Trashure-frameworks.sh\"\n";
			showEnvVarsInLog = 0;
		};
		C6D830F4A467D4B77911F644 /* [CP] Check Pods Manifest.lock */ = {
			isa = PBXShellScriptBuildPhase;
			buildActionMask = 2147483647;
			files = (
			);
			inputFileListPaths = (
			);
			inputPaths = (
				"${PODS_PODFILE_DIR_PATH}/Podfile.lock",
				"${PODS_ROOT}/Manifest.lock",
			);
			name = "[CP] Check Pods Manifest.lock";
			outputFileListPaths = (
			);
			outputPaths = (
				"$(DERIVED_FILE_DIR)/Pods-Trashure-checkManifestLockResult.txt",
			);
			runOnlyForDeploymentPostprocessing = 0;
			shellPath = /bin/sh;
			shellScript = "diff \"${PODS_PODFILE_DIR_PATH}/Podfile.lock\" \"${PODS_ROOT}/Manifest.lock\" > /dev/null\nif [ $? != 0 ] ; then\n    # print error to STDERR\n    echo \"error: The sandbox is not in sync with the Podfile.lock. Run 'pod install' or update your CocoaPods installation.\" >&2\n    exit 1\nfi\n# This output is used by Xcode 'outputs' to avoid re-running this script phase.\necho \"SUCCESS\" > \"${SCRIPT_OUTPUT_FILE_0}\"\n";
			showEnvVarsInLog = 0;
		};
		E655B139618BA3099BF2639F /* [CP] Copy Pods Resources */ = {
			isa = PBXShellScriptBuildPhase;
			buildActionMask = 2147483647;
			files = (
			);
			inputFileListPaths = (
				"${PODS_ROOT}/Target Support Files/Pods-Trashure/Pods-Trashure-resources-${CONFIGURATION}-input-files.xcfilelist",
			);
			name = "[CP] Copy Pods Resources";
			outputFileListPaths = (
				"${PODS_ROOT}/Target Support Files/Pods-Trashure/Pods-Trashure-resources-${CONFIGURATION}-output-files.xcfilelist",
			);
			runOnlyForDeploymentPostprocessing = 0;
			shellPath = /bin/sh;
			shellScript = "\"${PODS_ROOT}/Target Support Files/Pods-Trashure/Pods-Trashure-resources.sh\"\n";
			showEnvVarsInLog = 0;
		};
/* End PBXShellScriptBuildPhase section */

/* Begin PBXSourcesBuildPhase section */
		ECC18CA6253ACB000034D711 /* Sources */ = {
			isa = PBXSourcesBuildPhase;
			buildActionMask = 2147483647;
			files = (
				ECC18CB2253ACB000034D711 /* ViewController.swift in Sources */,
				ECD09C582545E8D800C7BD05 /* TipsCollectionViewCell.swift in Sources */,
				ECEFE354253C611A00FA1139 /* DesignableTextField.swift in Sources */,
				ECD09C4C254555BA00C7BD05 /* JenisSampahData.swift in Sources */,
				ECEFE358253E92E300FA1139 /* RegisterViewController.swift in Sources */,
				ECEFE35D253FE1B400FA1139 /* DetailTipsViewController.swift in Sources */,
				ECC18CAE253ACB000034D711 /* AppDelegate.swift in Sources */,
				ECD09C632546D87800C7BD05 /* SetoranViewController.swift in Sources */,
				ECD09C492545556000C7BD05 /* JenisSampahModel.swift in Sources */,
				ECD09C3D2545512300C7BD05 /* HargaSampahCell.swift in Sources */,
				ECD09C782547D29D00C7BD05 /* ChartViewTahun.swift in Sources */,
				ECD09C6A2546E40500C7BD05 /* SetoranData.swift in Sources */,
				ECEFE360253FE22300FA1139 /* HomeViewController.swift in Sources */,
				ECC18CB0253ACB000034D711 /* SceneDelegate.swift in Sources */,
				ECD09C672546E3F400C7BD05 /* SetoranModel.swift in Sources */,
				ECD09C5D254667BD00C7BD05 /* TipsModel.swift in Sources */,
				ECD09C462545548000C7BD05 /* HargaViewController.swift in Sources */,
				EC4C5F28254BEF0700272CDC /* AkunViewController.swift in Sources */,
				ECC18CB8253ACB000034D711 /* Trashure.xcdatamodeld in Sources */,
				ECD09C722547C03E00C7BD05 /* ChartView.swift in Sources */,
				ECD09C752547D28E00C7BD05 /* ChartViewBulan.swift in Sources */,
				ECD09C522545CE7100C7BD05 /* SetoranCell.swift in Sources */,
				ECD09C60254667C600C7BD05 /* TipsData.swift in Sources */,
				ECEFE34B253BFF5900FA1139 /* Checkbox.swift in Sources */,
			);
			runOnlyForDeploymentPostprocessing = 0;
		};
/* End PBXSourcesBuildPhase section */

/* Begin PBXVariantGroup section */
		ECC18CB3253ACB000034D711 /* Main.storyboard */ = {
			isa = PBXVariantGroup;
			children = (
				ECC18CB4253ACB000034D711 /* Base */,
			);
			name = Main.storyboard;
			sourceTree = "<group>";
		};
		ECC18CBB253ACB020034D711 /* LaunchScreen.storyboard */ = {
			isa = PBXVariantGroup;
			children = (
				ECC18CBC253ACB020034D711 /* Base */,
			);
			name = LaunchScreen.storyboard;
			sourceTree = "<group>";
		};
/* End PBXVariantGroup section */

/* Begin XCBuildConfiguration section */
		ECC18CBF253ACB020034D711 /* Debug */ = {
			isa = XCBuildConfiguration;
			buildSettings = {
				ALWAYS_SEARCH_USER_PATHS = NO;
				CLANG_ANALYZER_NONNULL = YES;
				CLANG_ANALYZER_NUMBER_OBJECT_CONVERSION = YES_AGGRESSIVE;
				CLANG_CXX_LANGUAGE_STANDARD = "gnu++14";
				CLANG_CXX_LIBRARY = "libc++";
				CLANG_ENABLE_MODULES = YES;
				CLANG_ENABLE_OBJC_ARC = YES;
				CLANG_ENABLE_OBJC_WEAK = YES;
				CLANG_WARN_BLOCK_CAPTURE_AUTORELEASING = YES;
				CLANG_WARN_BOOL_CONVERSION = YES;
				CLANG_WARN_COMMA = YES;
				CLANG_WARN_CONSTANT_CONVERSION = YES;
				CLANG_WARN_DEPRECATED_OBJC_IMPLEMENTATIONS = YES;
				CLANG_WARN_DIRECT_OBJC_ISA_USAGE = YES_ERROR;
				CLANG_WARN_DOCUMENTATION_COMMENTS = YES;
				CLANG_WARN_EMPTY_BODY = YES;
				CLANG_WARN_ENUM_CONVERSION = YES;
				CLANG_WARN_INFINITE_RECURSION = YES;
				CLANG_WARN_INT_CONVERSION = YES;
				CLANG_WARN_NON_LITERAL_NULL_CONVERSION = YES;
				CLANG_WARN_OBJC_IMPLICIT_RETAIN_SELF = YES;
				CLANG_WARN_OBJC_LITERAL_CONVERSION = YES;
				CLANG_WARN_OBJC_ROOT_CLASS = YES_ERROR;
				CLANG_WARN_QUOTED_INCLUDE_IN_FRAMEWORK_HEADER = YES;
				CLANG_WARN_RANGE_LOOP_ANALYSIS = YES;
				CLANG_WARN_STRICT_PROTOTYPES = YES;
				CLANG_WARN_SUSPICIOUS_MOVE = YES;
				CLANG_WARN_UNGUARDED_AVAILABILITY = YES_AGGRESSIVE;
				CLANG_WARN_UNREACHABLE_CODE = YES;
				CLANG_WARN__DUPLICATE_METHOD_MATCH = YES;
				COPY_PHASE_STRIP = NO;
				DEBUG_INFORMATION_FORMAT = dwarf;
				ENABLE_STRICT_OBJC_MSGSEND = YES;
				ENABLE_TESTABILITY = YES;
				GCC_C_LANGUAGE_STANDARD = gnu11;
				GCC_DYNAMIC_NO_PIC = NO;
				GCC_NO_COMMON_BLOCKS = YES;
				GCC_OPTIMIZATION_LEVEL = 0;
				GCC_PREPROCESSOR_DEFINITIONS = (
					"DEBUG=1",
					"$(inherited)",
				);
				GCC_WARN_64_TO_32_BIT_CONVERSION = YES;
				GCC_WARN_ABOUT_RETURN_TYPE = YES_ERROR;
				GCC_WARN_UNDECLARED_SELECTOR = YES;
				GCC_WARN_UNINITIALIZED_AUTOS = YES_AGGRESSIVE;
				GCC_WARN_UNUSED_FUNCTION = YES;
				GCC_WARN_UNUSED_VARIABLE = YES;
				IPHONEOS_DEPLOYMENT_TARGET = 14.0;
				MTL_ENABLE_DEBUG_INFO = INCLUDE_SOURCE;
				MTL_FAST_MATH = YES;
				ONLY_ACTIVE_ARCH = YES;
				SDKROOT = iphoneos;
				SWIFT_ACTIVE_COMPILATION_CONDITIONS = DEBUG;
				SWIFT_OPTIMIZATION_LEVEL = "-Onone";
			};
			name = Debug;
		};
		ECC18CC0253ACB020034D711 /* Release */ = {
			isa = XCBuildConfiguration;
			buildSettings = {
				ALWAYS_SEARCH_USER_PATHS = NO;
				CLANG_ANALYZER_NONNULL = YES;
				CLANG_ANALYZER_NUMBER_OBJECT_CONVERSION = YES_AGGRESSIVE;
				CLANG_CXX_LANGUAGE_STANDARD = "gnu++14";
				CLANG_CXX_LIBRARY = "libc++";
				CLANG_ENABLE_MODULES = YES;
				CLANG_ENABLE_OBJC_ARC = YES;
				CLANG_ENABLE_OBJC_WEAK = YES;
				CLANG_WARN_BLOCK_CAPTURE_AUTORELEASING = YES;
				CLANG_WARN_BOOL_CONVERSION = YES;
				CLANG_WARN_COMMA = YES;
				CLANG_WARN_CONSTANT_CONVERSION = YES;
				CLANG_WARN_DEPRECATED_OBJC_IMPLEMENTATIONS = YES;
				CLANG_WARN_DIRECT_OBJC_ISA_USAGE = YES_ERROR;
				CLANG_WARN_DOCUMENTATION_COMMENTS = YES;
				CLANG_WARN_EMPTY_BODY = YES;
				CLANG_WARN_ENUM_CONVERSION = YES;
				CLANG_WARN_INFINITE_RECURSION = YES;
				CLANG_WARN_INT_CONVERSION = YES;
				CLANG_WARN_NON_LITERAL_NULL_CONVERSION = YES;
				CLANG_WARN_OBJC_IMPLICIT_RETAIN_SELF = YES;
				CLANG_WARN_OBJC_LITERAL_CONVERSION = YES;
				CLANG_WARN_OBJC_ROOT_CLASS = YES_ERROR;
				CLANG_WARN_QUOTED_INCLUDE_IN_FRAMEWORK_HEADER = YES;
				CLANG_WARN_RANGE_LOOP_ANALYSIS = YES;
				CLANG_WARN_STRICT_PROTOTYPES = YES;
				CLANG_WARN_SUSPICIOUS_MOVE = YES;
				CLANG_WARN_UNGUARDED_AVAILABILITY = YES_AGGRESSIVE;
				CLANG_WARN_UNREACHABLE_CODE = YES;
				CLANG_WARN__DUPLICATE_METHOD_MATCH = YES;
				COPY_PHASE_STRIP = NO;
				DEBUG_INFORMATION_FORMAT = "dwarf-with-dsym";
				ENABLE_NS_ASSERTIONS = NO;
				ENABLE_STRICT_OBJC_MSGSEND = YES;
				GCC_C_LANGUAGE_STANDARD = gnu11;
				GCC_NO_COMMON_BLOCKS = YES;
				GCC_WARN_64_TO_32_BIT_CONVERSION = YES;
				GCC_WARN_ABOUT_RETURN_TYPE = YES_ERROR;
				GCC_WARN_UNDECLARED_SELECTOR = YES;
				GCC_WARN_UNINITIALIZED_AUTOS = YES_AGGRESSIVE;
				GCC_WARN_UNUSED_FUNCTION = YES;
				GCC_WARN_UNUSED_VARIABLE = YES;
				IPHONEOS_DEPLOYMENT_TARGET = 14.0;
				MTL_ENABLE_DEBUG_INFO = NO;
				MTL_FAST_MATH = YES;
				SDKROOT = iphoneos;
				SWIFT_COMPILATION_MODE = wholemodule;
				SWIFT_OPTIMIZATION_LEVEL = "-O";
				VALIDATE_PRODUCT = YES;
			};
			name = Release;
		};
		ECC18CC2253ACB020034D711 /* Debug */ = {
			isa = XCBuildConfiguration;
			baseConfigurationReference = 0323348647262202A3CE94BA /* Pods-Trashure.debug.xcconfig */;
			buildSettings = {
				ASSETCATALOG_COMPILER_APPICON_NAME = AppIcon;
				ASSETCATALOG_COMPILER_GLOBAL_ACCENT_COLOR_NAME = AccentColor;
				CODE_SIGN_STYLE = Automatic;
				DEVELOPMENT_TEAM = 6M5M727687;
				INFOPLIST_FILE = Trashure/Info.plist;
				IPHONEOS_DEPLOYMENT_TARGET = 13.0;
				LD_RUNPATH_SEARCH_PATHS = (
					"$(inherited)",
					"@executable_path/Frameworks",
				);
				PRODUCT_BUNDLE_IDENTIFIER = com.gusadi.Trashure;
				PRODUCT_NAME = "$(TARGET_NAME)";
				SWIFT_VERSION = 5.0;
				TARGETED_DEVICE_FAMILY = "1,2";
			};
			name = Debug;
		};
		ECC18CC3253ACB020034D711 /* Release */ = {
			isa = XCBuildConfiguration;
			baseConfigurationReference = 643BC89C5F3A255150F5233E /* Pods-Trashure.release.xcconfig */;
			buildSettings = {
				ASSETCATALOG_COMPILER_APPICON_NAME = AppIcon;
				ASSETCATALOG_COMPILER_GLOBAL_ACCENT_COLOR_NAME = AccentColor;
				CODE_SIGN_STYLE = Automatic;
				DEVELOPMENT_TEAM = 6M5M727687;
				INFOPLIST_FILE = Trashure/Info.plist;
				IPHONEOS_DEPLOYMENT_TARGET = 13.0;
				LD_RUNPATH_SEARCH_PATHS = (
					"$(inherited)",
					"@executable_path/Frameworks",
				);
				PRODUCT_BUNDLE_IDENTIFIER = com.gusadi.Trashure;
				PRODUCT_NAME = "$(TARGET_NAME)";
				SWIFT_VERSION = 5.0;
				TARGETED_DEVICE_FAMILY = "1,2";
			};
			name = Release;
		};
/* End XCBuildConfiguration section */

/* Begin XCConfigurationList section */
		ECC18CA5253ACB000034D711 /* Build configuration list for PBXProject "Trashure" */ = {
			isa = XCConfigurationList;
			buildConfigurations = (
				ECC18CBF253ACB020034D711 /* Debug */,
				ECC18CC0253ACB020034D711 /* Release */,
			);
			defaultConfigurationIsVisible = 0;
			defaultConfigurationName = Release;
		};
		ECC18CC1253ACB020034D711 /* Build configuration list for PBXNativeTarget "Trashure" */ = {
			isa = XCConfigurationList;
			buildConfigurations = (
				ECC18CC2253ACB020034D711 /* Debug */,
				ECC18CC3253ACB020034D711 /* Release */,
			);
			defaultConfigurationIsVisible = 0;
			defaultConfigurationName = Release;
		};
/* End XCConfigurationList section */

/* Begin XCVersionGroup section */
		ECC18CB6253ACB000034D711 /* Trashure.xcdatamodeld */ = {
			isa = XCVersionGroup;
			children = (
				ECC18CB7253ACB000034D711 /* Trashure.xcdatamodel */,
			);
			currentVersion = ECC18CB7253ACB000034D711 /* Trashure.xcdatamodel */;
			path = Trashure.xcdatamodeld;
			sourceTree = "<group>";
			versionGroupType = wrapper.xcdatamodel;
		};
/* End XCVersionGroup section */
	};
	rootObject = ECC18CA2253ACB000034D711 /* Project object */;
}
